
Microsoft Visual Studio Solution File, Format Version 12.00
# Visual Studio 15
VisualStudioVersion = 15.0.28307.168
MinimumVisualStudioVersion = 10.0.40219.1
Project("{FAE04EC0-301F-11D3-BF4B-00C04F79EFBC}") = "MyShop", "MyShop\MyShop.csproj", "{27BE8B0F-F80D-46ED-A5F1-2BBB1B05365D}"
EndProject
Project("{2150E333-8FDC-42A3-9474-1A3956D46DE8}") = "Core", "Core", "{F3BB9ED1-5EC9-4563-BC8B-458FC1B2E0A6}"
EndProject
Project("{FAE04EC0-301F-11D3-BF4B-00C04F79EFBC}") = "Core.Common", "Core.Common\Core.Common.csproj", "{C1B59225-286C-4E07-9069-332C9EAA8812}"
EndProject
Project("{FAE04EC0-301F-11D3-BF4B-00C04F79EFBC}") = "Core.Dal.AdoNet", "Core.Dal.AdoNet\Core.Dal.AdoNet.csproj", "{CA08855B-D861-4F16-8006-64821FC87B43}"
EndProject
Project("{2150E333-8FDC-42A3-9474-1A3956D46DE8}") = "Logic", "Logic", "{97069F7E-2E83-49A8-B0D7-03E5E47E4197}"
EndProject
Project("{FAE04EC0-301F-11D3-BF4B-00C04F79EFBC}") = "Store.Logic.Entity", "Store.Logic.Entity\Store.Logic.Entity.csproj", "{11A6437E-4981-49E8-B3E4-4FAAE8C288B1}"
EndProject
Project("{FAE04EC0-301F-11D3-BF4B-00C04F79EFBC}") = "Store.Logic.ProductStore", "Store.Logic.ProductStore\Store.Logic.ProductStore.csproj", "{72F976BC-8304-42C3-8FA5-796D47B5BD8A}"
EndProject
Global
	GlobalSection(SolutionConfigurationPlatforms) = preSolution
		Debug|Any CPU = Debug|Any CPU
		Debug|ARM = Debug|ARM
		Debug|ARM64 = Debug|ARM64
		Debug|x64 = Debug|x64
		Debug|x86 = Debug|x86
		Release|Any CPU = Release|Any CPU
		Release|ARM = Release|ARM
		Release|ARM64 = Release|ARM64
		Release|x64 = Release|x64
		Release|x86 = Release|x86
	EndGlobalSection
	GlobalSection(ProjectConfigurationPlatforms) = postSolution
		{27BE8B0F-F80D-46ED-A5F1-2BBB1B05365D}.Debug|Any CPU.ActiveCfg = Debug|Any CPU
		{27BE8B0F-F80D-46ED-A5F1-2BBB1B05365D}.Debug|Any CPU.Build.0 = Debug|Any CPU
		{27BE8B0F-F80D-46ED-A5F1-2BBB1B05365D}.Debug|ARM.ActiveCfg = Debug|Any CPU
		{27BE8B0F-F80D-46ED-A5F1-2BBB1B05365D}.Debug|ARM.Build.0 = Debug|Any CPU
		{27BE8B0F-F80D-46ED-A5F1-2BBB1B05365D}.Debug|ARM64.ActiveCfg = Debug|Any CPU
		{27BE8B0F-F80D-46ED-A5F1-2BBB1B05365D}.Debug|ARM64.Build.0 = Debug|Any CPU
		{27BE8B0F-F80D-46ED-A5F1-2BBB1B05365D}.Debug|x64.ActiveCfg = Debug|Any CPU
		{27BE8B0F-F80D-46ED-A5F1-2BBB1B05365D}.Debug|x64.Build.0 = Debug|Any CPU
		{27BE8B0F-F80D-46ED-A5F1-2BBB1B05365D}.Debug|x86.ActiveCfg = Debug|Any CPU
		{27BE8B0F-F80D-46ED-A5F1-2BBB1B05365D}.Debug|x86.Build.0 = Debug|Any CPU
		{27BE8B0F-F80D-46ED-A5F1-2BBB1B05365D}.Release|Any CPU.ActiveCfg = Release|Any CPU
		{27BE8B0F-F80D-46ED-A5F1-2BBB1B05365D}.Release|Any CPU.Build.0 = Release|Any CPU
		{27BE8B0F-F80D-46ED-A5F1-2BBB1B05365D}.Release|ARM.ActiveCfg = Release|Any CPU
		{27BE8B0F-F80D-46ED-A5F1-2BBB1B05365D}.Release|ARM.Build.0 = Release|Any CPU
		{27BE8B0F-F80D-46ED-A5F1-2BBB1B05365D}.Release|ARM64.ActiveCfg = Release|Any CPU
		{27BE8B0F-F80D-46ED-A5F1-2BBB1B05365D}.Release|ARM64.Build.0 = Release|Any CPU
		{27BE8B0F-F80D-46ED-A5F1-2BBB1B05365D}.Release|x64.ActiveCfg = Release|Any CPU
		{27BE8B0F-F80D-46ED-A5F1-2BBB1B05365D}.Release|x64.Build.0 = Release|Any CPU
		{27BE8B0F-F80D-46ED-A5F1-2BBB1B05365D}.Release|x86.ActiveCfg = Release|Any CPU
		{27BE8B0F-F80D-46ED-A5F1-2BBB1B05365D}.Release|x86.Build.0 = Release|Any CPU
		{C1B59225-286C-4E07-9069-332C9EAA8812}.Debug|Any CPU.ActiveCfg = Debug|Any CPU
		{C1B59225-286C-4E07-9069-332C9EAA8812}.Debug|Any CPU.Build.0 = Debug|Any CPU
		{C1B59225-286C-4E07-9069-332C9EAA8812}.Debug|ARM.ActiveCfg = Debug|Any CPU
		{C1B59225-286C-4E07-9069-332C9EAA8812}.Debug|ARM.Build.0 = Debug|Any CPU
		{C1B59225-286C-4E07-9069-332C9EAA8812}.Debug|ARM64.ActiveCfg = Debug|Any CPU
		{C1B59225-286C-4E07-9069-332C9EAA8812}.Debug|ARM64.Build.0 = Debug|Any CPU
		{C1B59225-286C-4E07-9069-332C9EAA8812}.Debug|x64.ActiveCfg = Debug|Any CPU
		{C1B59225-286C-4E07-9069-332C9EAA8812}.Debug|x64.Build.0 = Debug|Any CPU
		{C1B59225-286C-4E07-9069-332C9EAA8812}.Debug|x86.ActiveCfg = Debug|Any CPU
		{C1B59225-286C-4E07-9069-332C9EAA8812}.Debug|x86.Build.0 = Debug|Any CPU
		{C1B59225-286C-4E07-9069-332C9EAA8812}.Release|Any CPU.ActiveCfg = Release|Any CPU
		{C1B59225-286C-4E07-9069-332C9EAA8812}.Release|Any CPU.Build.0 = Release|Any CPU
		{C1B59225-286C-4E07-9069-332C9EAA8812}.Release|ARM.ActiveCfg = Release|Any CPU
		{C1B59225-286C-4E07-9069-332C9EAA8812}.Release|ARM.Build.0 = Release|Any CPU
		{C1B59225-286C-4E07-9069-332C9EAA8812}.Release|ARM64.ActiveCfg = Release|Any CPU
		{C1B59225-286C-4E07-9069-332C9EAA8812}.Release|ARM64.Build.0 = Release|Any CPU
		{C1B59225-286C-4E07-9069-332C9EAA8812}.Release|x64.ActiveCfg = Release|Any CPU
		{C1B59225-286C-4E07-9069-332C9EAA8812}.Release|x64.Build.0 = Release|Any CPU
		{C1B59225-286C-4E07-9069-332C9EAA8812}.Release|x86.ActiveCfg = Release|Any CPU
		{C1B59225-286C-4E07-9069-332C9EAA8812}.Release|x86.Build.0 = Release|Any CPU
		{CA08855B-D861-4F16-8006-64821FC87B43}.Debug|Any CPU.ActiveCfg = Debug|Any CPU
		{CA08855B-D861-4F16-8006-64821FC87B43}.Debug|Any CPU.Build.0 = Debug|Any CPU
		{CA08855B-D861-4F16-8006-64821FC87B43}.Debug|ARM.ActiveCfg = Debug|Any CPU
		{CA08855B-D861-4F16-8006-64821FC87B43}.Debug|ARM.Build.0 = Debug|Any CPU
		{CA08855B-D861-4F16-8006-64821FC87B43}.Debug|ARM64.ActiveCfg = Debug|Any CPU
		{CA08855B-D861-4F16-8006-64821FC87B43}.Debug|ARM64.Build.0 = Debug|Any CPU
		{CA08855B-D861-4F16-8006-64821FC87B43}.Debug|x64.ActiveCfg = Debug|Any CPU
		{CA08855B-D861-4F16-8006-64821FC87B43}.Debug|x64.Build.0 = Debug|Any CPU
		{CA08855B-D861-4F16-8006-64821FC87B43}.Debug|x86.ActiveCfg = Debug|Any CPU
		{CA08855B-D861-4F16-8006-64821FC87B43}.Debug|x86.Build.0 = Debug|Any CPU
		{CA08855B-D861-4F16-8006-64821FC87B43}.Release|Any CPU.ActiveCfg = Release|Any CPU
		{CA08855B-D861-4F16-8006-64821FC87B43}.Release|Any CPU.Build.0 = Release|Any CPU
		{CA08855B-D861-4F16-8006-64821FC87B43}.Release|ARM.ActiveCfg = Release|Any CPU
		{CA08855B-D861-4F16-8006-64821FC87B43}.Release|ARM.Build.0 = Release|Any CPU
		{CA08855B-D861-4F16-8006-64821FC87B43}.Release|ARM64.ActiveCfg = Release|Any CPU
		{CA08855B-D861-4F16-8006-64821FC87B43}.Release|ARM64.Build.0 = Release|Any CPU
		{CA08855B-D861-4F16-8006-64821FC87B43}.Release|x64.ActiveCfg = Release|Any CPU
		{CA08855B-D861-4F16-8006-64821FC87B43}.Release|x64.Build.0 = Release|Any CPU
		{CA08855B-D861-4F16-8006-64821FC87B43}.Release|x86.ActiveCfg = Release|Any CPU
		{CA08855B-D861-4F16-8006-64821FC87B43}.Release|x86.Build.0 = Release|Any CPU
		{11A6437E-4981-49E8-B3E4-4FAAE8C288B1}.Debug|Any CPU.ActiveCfg = Debug|Any CPU
		{11A6437E-4981-49E8-B3E4-4FAAE8C288B1}.Debug|Any CPU.Build.0 = Debug|Any CPU
		{11A6437E-4981-49E8-B3E4-4FAAE8C288B1}.Debug|ARM.ActiveCfg = Debug|Any CPU
		{11A6437E-4981-49E8-B3E4-4FAAE8C288B1}.Debug|ARM.Build.0 = Debug|Any CPU
		{11A6437E-4981-49E8-B3E4-4FAAE8C288B1}.Debug|ARM64.ActiveCfg = Debug|Any CPU
		{11A6437E-4981-49E8-B3E4-4FAAE8C288B1}.Debug|ARM64.Build.0 = Debug|Any CPU
		{11A6437E-4981-49E8-B3E4-4FAAE8C288B1}.Debug|x64.ActiveCfg = Debug|Any CPU
		{11A6437E-4981-49E8-B3E4-4FAAE8C288B1}.Debug|x64.Build.0 = Debug|Any CPU
		{11A6437E-4981-49E8-B3E4-4FAAE8C288B1}.Debug|x86.ActiveCfg = Debug|Any CPU
		{11A6437E-4981-49E8-B3E4-4FAAE8C288B1}.Debug|x86.Build.0 = Debug|Any CPU
		{11A6437E-4981-49E8-B3E4-4FAAE8C288B1}.Release|Any CPU.ActiveCfg = Release|Any CPU
		{11A6437E-4981-49E8-B3E4-4FAAE8C288B1}.Release|Any CPU.Build.0 = Release|Any CPU
		{11A6437E-4981-49E8-B3E4-4FAAE8C288B1}.Release|ARM.ActiveCfg = Release|Any CPU
		{11A6437E-4981-49E8-B3E4-4FAAE8C288B1}.Release|ARM.Build.0 = Release|Any CPU
		{11A6437E-4981-49E8-B3E4-4FAAE8C288B1}.Release|ARM64.ActiveCfg = Release|Any CPU
		{11A6437E-4981-49E8-B3E4-4FAAE8C288B1}.Release|ARM64.Build.0 = Release|Any CPU
		{11A6437E-4981-49E8-B3E4-4FAAE8C288B1}.Release|x64.ActiveCfg = Release|Any CPU
		{11A6437E-4981-49E8-B3E4-4FAAE8C288B1}.Release|x64.Build.0 = Release|Any CPU
		{11A6437E-4981-49E8-B3E4-4FAAE8C288B1}.Release|x86.ActiveCfg = Release|Any CPU
		{11A6437E-4981-49E8-B3E4-4FAAE8C288B1}.Release|x86.Build.0 = Release|Any CPU
		{72F976BC-8304-42C3-8FA5-796D47B5BD8A}.Debug|Any CPU.ActiveCfg = Debug|Any CPU
		{72F976BC-8304-42C3-8FA5-796D47B5BD8A}.Debug|Any CPU.Build.0 = Debug|Any CPU
		{72F976BC-8304-42C3-8FA5-796D47B5BD8A}.Debug|ARM.ActiveCfg = Debug|Any CPU
		{72F976BC-8304-42C3-8FA5-796D47B5BD8A}.Debug|ARM.Build.0 = Debug|Any CPU
		{72F976BC-8304-42C3-8FA5-796D47B5BD8A}.Debug|ARM64.ActiveCfg = Debug|Any CPU
		{72F976BC-8304-42C3-8FA5-796D47B5BD8A}.Debug|ARM64.Build.0 = Debug|Any CPU
		{72F976BC-8304-42C3-8FA5-796D47B5BD8A}.Debug|x64.ActiveCfg = Debug|Any CPU
		{72F976BC-8304-42C3-8FA5-796D47B5BD8A}.Debug|x64.Build.0 = Debug|Any CPU
		{72F976BC-8304-42C3-8FA5-796D47B5BD8A}.Debug|x86.ActiveCfg = Debug|Any CPU
		{72F976BC-8304-42C3-8FA5-796D47B5BD8A}.Debug|x86.Build.0 = Debug|Any CPU
		{72F976BC-8304-42C3-8FA5-796D47B5BD8A}.Release|Any CPU.ActiveCfg = Release|Any CPU
		{72F976BC-8304-42C3-8FA5-796D47B5BD8A}.Release|Any CPU.Build.0 = Release|Any CPU
		{72F976BC-8304-42C3-8FA5-796D47B5BD8A}.Release|ARM.ActiveCfg = Release|Any CPU
		{72F976BC-8304-42C3-8FA5-796D47B5BD8A}.Release|ARM.Build.0 = Release|Any CPU
		{72F976BC-8304-42C3-8FA5-796D47B5BD8A}.Release|ARM64.ActiveCfg = Release|Any CPU
		{72F976BC-8304-42C3-8FA5-796D47B5BD8A}.Release|ARM64.Build.0 = Release|Any CPU
		{72F976BC-8304-42C3-8FA5-796D47B5BD8A}.Release|x64.ActiveCfg = Release|Any CPU
		{72F976BC-8304-42C3-8FA5-796D47B5BD8A}.Release|x64.Build.0 = Release|Any CPU
		{72F976BC-8304-42C3-8FA5-796D47B5BD8A}.Release|x86.ActiveCfg = Release|Any CPU
		{72F976BC-8304-42C3-8FA5-796D47B5BD8A}.Release|x86.Build.0 = Release|Any CPU
	EndGlobalSection
	GlobalSection(SolutionProperties) = preSolution
		HideSolutionNode = FALSE
	EndGlobalSection
	GlobalSection(NestedProjects) = preSolution
		{C1B59225-286C-4E07-9069-332C9EAA8812} = {F3BB9ED1-5EC9-4563-BC8B-458FC1B2E0A6}
		{CA08855B-D861-4F16-8006-64821FC87B43} = {F3BB9ED1-5EC9-4563-BC8B-458FC1B2E0A6}
		{11A6437E-4981-49E8-B3E4-4FAAE8C288B1} = {97069F7E-2E83-49A8-B0D7-03E5E47E4197}
		{72F976BC-8304-42C3-8FA5-796D47B5BD8A} = {97069F7E-2E83-49A8-B0D7-03E5E47E4197}
	EndGlobalSection
	GlobalSection(ExtensibilityGlobals) = postSolution
		SolutionGuid = {23DE153D-7980-4EB6-A6E9-FD701AC32614}
	EndGlobalSection
EndGlobal
